
Microsoft Visual Studio Solution File, Format Version 12.00
# Visual Studio Version 17
VisualStudioVersion = 17.14.37027.9 d17.14
MinimumVisualStudioVersion = 10.0.40219.1
Project("{54A90642-561A-4BB1-A94E-469ADEE60C69}") = "IkromPortfolio", "IkromPortfolio\IkromPortfolio.esproj", "{9EACF22C-B764-A2AC-8A46-52E718E0E48E}"
EndProject
Global
	GlobalSection(SolutionConfigurationPlatforms) = preSolution
		Debug|Any CPU = Debug|Any CPU
		Release|Any CPU = Release|Any CPU
	EndGlobalSection
	GlobalSection(ProjectConfigurationPlatforms) = postSolution
		{9EACF22C-B764-A2AC-8A46-52E718E0E48E}.Debug|Any CPU.ActiveCfg = Debug|Any CPU
		{9EACF22C-B764-A2AC-8A46-52E718E0E48E}.Debug|Any CPU.Build.0 = Debug|Any CPU
		{9EACF22C-B764-A2AC-8A46-52E718E0E48E}.Debug|Any CPU.Deploy.0 = Debug|Any CPU
		{9EACF22C-B764-A2AC-8A46-52E718E0E48E}.Release|Any CPU.ActiveCfg = Release|Any CPU
		{9EACF22C-B764-A2AC-8A46-52E718E0E48E}.Release|Any CPU.Build.0 = Release|Any CPU
		{9EACF22C-B764-A2AC-8A46-52E718E0E48E}.Release|Any CPU.Deploy.0 = Release|Any CPU
	EndGlobalSection
	GlobalSection(SolutionProperties) = preSolution
		HideSolutionNode = FALSE
	EndGlobalSection
	GlobalSection(ExtensibilityGlobals) = postSolution
		SolutionGuid = {D8E23D61-779A-4B68-9283-66B8D9DB0227}
	EndGlobalSection
EndGlobal
